// !$*UTF8*$!
{
	archiveVersion = 1;
	classes = {
	};
	objectVersion = 51;
	objects = {

/* Begin PBXBuildFile section */
		6282A28A8699876653AFAE0C /* Pods_GabrielFerrazFontes.framework in Frameworks */ = {isa = PBXBuildFile; fileRef = 30D0400AD2F5F6EA000E74BF /* Pods_GabrielFerrazFontes.framework */; };
		7B3F43612592497200F406FC /* SerieResponse.swift in Sources */ = {isa = PBXBuildFile; fileRef = 7B3F43602592497200F406FC /* SerieResponse.swift */; };
		7B3F4366259249B300F406FC /* SerieGenre.swift in Sources */ = {isa = PBXBuildFile; fileRef = 7B3F4365259249B300F406FC /* SerieGenre.swift */; };
		7B3F436B259249E300F406FC /* GenreResponse.swift in Sources */ = {isa = PBXBuildFile; fileRef = 7B3F436A259249E300F406FC /* GenreResponse.swift */; };
		7B66B673259133A80001E58E /* Serie+CoreDataProperties.swift in Sources */ = {isa = PBXBuildFile; fileRef = 7B66B671259133A80001E58E /* Serie+CoreDataProperties.swift */; };
		7B66B674259133A80001E58E /* Serie+CoreDataClass.swift in Sources */ = {isa = PBXBuildFile; fileRef = 7B66B672259133A80001E58E /* Serie+CoreDataClass.swift */; };
		7B66B67B25914C970001E58E /* ScrollCellViewModel.swift in Sources */ = {isa = PBXBuildFile; fileRef = 7B66B67A25914C970001E58E /* ScrollCellViewModel.swift */; };
		7B66B6802591512E0001E58E /* FavoritesSeriesViewModel.swift in Sources */ = {isa = PBXBuildFile; fileRef = 7B66B67F2591512E0001E58E /* FavoritesSeriesViewModel.swift */; };
		7B7DC3B5259034DC0034AF5C /* GabrielFerrazFontesApp.swift in Sources */ = {isa = PBXBuildFile; fileRef = 7B7DC3B4259034DC0034AF5C /* GabrielFerrazFontesApp.swift */; };
		7B7DC3B7259034DC0034AF5C /* ContentView.swift in Sources */ = {isa = PBXBuildFile; fileRef = 7B7DC3B6259034DC0034AF5C /* ContentView.swift */; };
		7B7DC3B9259034DF0034AF5C /* Assets.xcassets in Resources */ = {isa = PBXBuildFile; fileRef = 7B7DC3B8259034DF0034AF5C /* Assets.xcassets */; };
		7B7DC3BC259034DF0034AF5C /* Preview Assets.xcassets in Resources */ = {isa = PBXBuildFile; fileRef = 7B7DC3BB259034DF0034AF5C /* Preview Assets.xcassets */; };
		7B7DC3BE259034DF0034AF5C /* Persistence.swift in Sources */ = {isa = PBXBuildFile; fileRef = 7B7DC3BD259034DF0034AF5C /* Persistence.swift */; };
		7B7DC3C1259034DF0034AF5C /* GabrielFerrazFontes.xcdatamodeld in Sources */ = {isa = PBXBuildFile; fileRef = 7B7DC3BF259034DF0034AF5C /* GabrielFerrazFontes.xcdatamodeld */; };
		7B7DC3CC259034DF0034AF5C /* GabrielFerrazFontesTests.swift in Sources */ = {isa = PBXBuildFile; fileRef = 7B7DC3CB259034DF0034AF5C /* GabrielFerrazFontesTests.swift */; };
		7B7DC3D7259034DF0034AF5C /* GabrielFerrazFontesUITests.swift in Sources */ = {isa = PBXBuildFile; fileRef = 7B7DC3D6259034DF0034AF5C /* GabrielFerrazFontesUITests.swift */; };
		7B7DC3EF259037890034AF5C /* Serie.swift in Sources */ = {isa = PBXBuildFile; fileRef = 7B7DC3EE259037890034AF5C /* Serie.swift */; };
		7B7DC3F8259040930034AF5C /* SerieServiceAPI.swift in Sources */ = {isa = PBXBuildFile; fileRef = 7B7DC3F7259040930034AF5C /* SerieServiceAPI.swift */; };
		7B7DC400259043BA0034AF5C /* AllSeriesView.swift in Sources */ = {isa = PBXBuildFile; fileRef = 7B7DC3FF259043BA0034AF5C /* AllSeriesView.swift */; };
		7B7DC40E2590486C0034AF5C /* InfiniteScrollViewModel.swift in Sources */ = {isa = PBXBuildFile; fileRef = 7B7DC40D2590486C0034AF5C /* InfiniteScrollViewModel.swift */; };
		7BE055F325904B75003CAED6 /* InfinitScrollView.swift in Sources */ = {isa = PBXBuildFile; fileRef = 7BE055F225904B75003CAED6 /* InfinitScrollView.swift */; };
		7BE055F825904DFA003CAED6 /* ObservableArray.swift in Sources */ = {isa = PBXBuildFile; fileRef = 7BE055F725904DFA003CAED6 /* ObservableArray.swift */; };
		7BE0560525905EA0003CAED6 /* ScrollViewCell.swift in Sources */ = {isa = PBXBuildFile; fileRef = 7BE0560425905EA0003CAED6 /* ScrollViewCell.swift */; };
		7BE0560A2590E9EC003CAED6 /* SerieService.swift in Sources */ = {isa = PBXBuildFile; fileRef = 7BE056092590E9EB003CAED6 /* SerieService.swift */; };
		7BE0560F2590ECB2003CAED6 /* SerieStore.swift in Sources */ = {isa = PBXBuildFile; fileRef = 7BE0560E2590ECB1003CAED6 /* SerieStore.swift */; };
		7BE056142590ED70003CAED6 /* Utils.swift in Sources */ = {isa = PBXBuildFile; fileRef = 7BE056132590ED70003CAED6 /* Utils.swift */; };
		7BE0561A2590F583003CAED6 /* ImageLoader.swift in Sources */ = {isa = PBXBuildFile; fileRef = 7BE056192590F583003CAED6 /* ImageLoader.swift */; };
		7BE0562525911184003CAED6 /* FavoritesSeriesView.swift in Sources */ = {isa = PBXBuildFile; fileRef = 7BE0562425911182003CAED6 /* FavoritesSeriesView.swift */; };
		8E4D567A9DBB5ABB46575B1A /* Pods_GabrielFerrazFontes_GabrielFerrazFontesUITests.framework in Frameworks */ = {isa = PBXBuildFile; fileRef = 5AA46241CBA5FCB16D6D9EC2 /* Pods_GabrielFerrazFontes_GabrielFerrazFontesUITests.framework */; };
		DD9043EBDDC802D000586EEC /* Pods_GabrielFerrazFontesTests.framework in Frameworks */ = {isa = PBXBuildFile; fileRef = 70C1EAD27CCAACABB9010C4A /* Pods_GabrielFerrazFontesTests.framework */; };
/* End PBXBuildFile section */

/* Begin PBXContainerItemProxy section */
		7B7DC3C8259034DF0034AF5C /* PBXContainerItemProxy */ = {
			isa = PBXContainerItemProxy;
			containerPortal = 7B7DC3A9259034DC0034AF5C /* Project object */;
			proxyType = 1;
			remoteGlobalIDString = 7B7DC3B0259034DC0034AF5C;
			remoteInfo = GabrielFerrazFontes;
		};
		7B7DC3D3259034DF0034AF5C /* PBXContainerItemProxy */ = {
			isa = PBXContainerItemProxy;
			containerPortal = 7B7DC3A9259034DC0034AF5C /* Project object */;
			proxyType = 1;
			remoteGlobalIDString = 7B7DC3B0259034DC0034AF5C;
			remoteInfo = GabrielFerrazFontes;
		};
/* End PBXContainerItemProxy section */

/* Begin PBXFileReference section */
		14B359FF26F8BE252B3A4293 /* Pods-GabrielFerrazFontes-GabrielFerrazFontesUITests.release.xcconfig */ = {isa = PBXFileReference; includeInIndex = 1; lastKnownFileType = text.xcconfig; name = "Pods-GabrielFerrazFontes-GabrielFerrazFontesUITests.release.xcconfig"; path = "Target Support Files/Pods-GabrielFerrazFontes-GabrielFerrazFontesUITests/Pods-GabrielFerrazFontes-GabrielFerrazFontesUITests.release.xcconfig"; sourceTree = "<group>"; };
		2F5FAEBAEA1EE4EB2FFAE99A /* Pods-GabrielFerrazFontes.release.xcconfig */ = {isa = PBXFileReference; includeInIndex = 1; lastKnownFileType = text.xcconfig; name = "Pods-GabrielFerrazFontes.release.xcconfig"; path = "Target Support Files/Pods-GabrielFerrazFontes/Pods-GabrielFerrazFontes.release.xcconfig"; sourceTree = "<group>"; };
		30D0400AD2F5F6EA000E74BF /* Pods_GabrielFerrazFontes.framework */ = {isa = PBXFileReference; explicitFileType = wrapper.framework; includeInIndex = 0; path = Pods_GabrielFerrazFontes.framework; sourceTree = BUILT_PRODUCTS_DIR; };
		3C22C3C0A7F086D381BB7183 /* Pods-GabrielFerrazFontes.debug.xcconfig */ = {isa = PBXFileReference; includeInIndex = 1; lastKnownFileType = text.xcconfig; name = "Pods-GabrielFerrazFontes.debug.xcconfig"; path = "Target Support Files/Pods-GabrielFerrazFontes/Pods-GabrielFerrazFontes.debug.xcconfig"; sourceTree = "<group>"; };
		5AA46241CBA5FCB16D6D9EC2 /* Pods_GabrielFerrazFontes_GabrielFerrazFontesUITests.framework */ = {isa = PBXFileReference; explicitFileType = wrapper.framework; includeInIndex = 0; path = Pods_GabrielFerrazFontes_GabrielFerrazFontesUITests.framework; sourceTree = BUILT_PRODUCTS_DIR; };
		70C1EAD27CCAACABB9010C4A /* Pods_GabrielFerrazFontesTests.framework */ = {isa = PBXFileReference; explicitFileType = wrapper.framework; includeInIndex = 0; path = Pods_GabrielFerrazFontesTests.framework; sourceTree = BUILT_PRODUCTS_DIR; };
		7B3F43602592497200F406FC /* SerieResponse.swift */ = {isa = PBXFileReference; lastKnownFileType = sourcecode.swift; path = SerieResponse.swift; sourceTree = "<group>"; };
		7B3F4365259249B300F406FC /* SerieGenre.swift */ = {isa = PBXFileReference; lastKnownFileType = sourcecode.swift; path = SerieGenre.swift; sourceTree = "<group>"; };
		7B3F436A259249E300F406FC /* GenreResponse.swift */ = {isa = PBXFileReference; lastKnownFileType = sourcecode.swift; path = GenreResponse.swift; sourceTree = "<group>"; };
		7B66B671259133A80001E58E /* Serie+CoreDataProperties.swift */ = {isa = PBXFileReference; lastKnownFileType = sourcecode.swift; name = "Serie+CoreDataProperties.swift"; path = "/Users/ferraz/Desktop/Git Repositorios/CRMALL/CRMALL/GabrielFerrazFontes/GabrielFerrazFontes/Model/Serie+CoreDataProperties.swift"; sourceTree = "<absolute>"; };
		7B66B672259133A80001E58E /* Serie+CoreDataClass.swift */ = {isa = PBXFileReference; lastKnownFileType = sourcecode.swift; name = "Serie+CoreDataClass.swift"; path = "/Users/ferraz/Desktop/Git Repositorios/CRMALL/CRMALL/GabrielFerrazFontes/GabrielFerrazFontes/Model/Serie+CoreDataClass.swift"; sourceTree = "<absolute>"; };
		7B66B67A25914C970001E58E /* ScrollCellViewModel.swift */ = {isa = PBXFileReference; lastKnownFileType = sourcecode.swift; path = ScrollCellViewModel.swift; sourceTree = "<group>"; };
		7B66B67F2591512E0001E58E /* FavoritesSeriesViewModel.swift */ = {isa = PBXFileReference; lastKnownFileType = sourcecode.swift; path = FavoritesSeriesViewModel.swift; sourceTree = "<group>"; };
		7B7DC3B1259034DC0034AF5C /* GabrielFerrazFontes.app */ = {isa = PBXFileReference; explicitFileType = wrapper.application; includeInIndex = 0; path = GabrielFerrazFontes.app; sourceTree = BUILT_PRODUCTS_DIR; };
		7B7DC3B4259034DC0034AF5C /* GabrielFerrazFontesApp.swift */ = {isa = PBXFileReference; lastKnownFileType = sourcecode.swift; path = GabrielFerrazFontesApp.swift; sourceTree = "<group>"; };
		7B7DC3B6259034DC0034AF5C /* ContentView.swift */ = {isa = PBXFileReference; lastKnownFileType = sourcecode.swift; path = ContentView.swift; sourceTree = "<group>"; };
		7B7DC3B8259034DF0034AF5C /* Assets.xcassets */ = {isa = PBXFileReference; lastKnownFileType = folder.assetcatalog; path = Assets.xcassets; sourceTree = "<group>"; };
		7B7DC3BB259034DF0034AF5C /* Preview Assets.xcassets */ = {isa = PBXFileReference; lastKnownFileType = folder.assetcatalog; path = "Preview Assets.xcassets"; sourceTree = "<group>"; };
		7B7DC3BD259034DF0034AF5C /* Persistence.swift */ = {isa = PBXFileReference; lastKnownFileType = sourcecode.swift; path = Persistence.swift; sourceTree = "<group>"; };
		7B7DC3C0259034DF0034AF5C /* GabrielFerrazFontes.xcdatamodel */ = {isa = PBXFileReference; lastKnownFileType = wrapper.xcdatamodel; path = GabrielFerrazFontes.xcdatamodel; sourceTree = "<group>"; };
		7B7DC3C2259034DF0034AF5C /* Info.plist */ = {isa = PBXFileReference; lastKnownFileType = text.plist.xml; path = Info.plist; sourceTree = "<group>"; };
		7B7DC3C7259034DF0034AF5C /* GabrielFerrazFontesTests.xctest */ = {isa = PBXFileReference; explicitFileType = wrapper.cfbundle; includeInIndex = 0; path = GabrielFerrazFontesTests.xctest; sourceTree = BUILT_PRODUCTS_DIR; };
		7B7DC3CB259034DF0034AF5C /* GabrielFerrazFontesTests.swift */ = {isa = PBXFileReference; lastKnownFileType = sourcecode.swift; path = GabrielFerrazFontesTests.swift; sourceTree = "<group>"; };
		7B7DC3CD259034DF0034AF5C /* Info.plist */ = {isa = PBXFileReference; lastKnownFileType = text.plist.xml; path = Info.plist; sourceTree = "<group>"; };
		7B7DC3D2259034DF0034AF5C /* GabrielFerrazFontesUITests.xctest */ = {isa = PBXFileReference; explicitFileType = wrapper.cfbundle; includeInIndex = 0; path = GabrielFerrazFontesUITests.xctest; sourceTree = BUILT_PRODUCTS_DIR; };
		7B7DC3D6259034DF0034AF5C /* GabrielFerrazFontesUITests.swift */ = {isa = PBXFileReference; lastKnownFileType = sourcecode.swift; path = GabrielFerrazFontesUITests.swift; sourceTree = "<group>"; };
		7B7DC3D8259034DF0034AF5C /* Info.plist */ = {isa = PBXFileReference; lastKnownFileType = text.plist.xml; path = Info.plist; sourceTree = "<group>"; };
		7B7DC3EE259037890034AF5C /* Serie.swift */ = {isa = PBXFileReference; lastKnownFileType = sourcecode.swift; path = Serie.swift; sourceTree = "<group>"; };
		7B7DC3F7259040930034AF5C /* SerieServiceAPI.swift */ = {isa = PBXFileReference; lastKnownFileType = sourcecode.swift; path = SerieServiceAPI.swift; sourceTree = "<group>"; };
		7B7DC3FF259043BA0034AF5C /* AllSeriesView.swift */ = {isa = PBXFileReference; lastKnownFileType = sourcecode.swift; path = AllSeriesView.swift; sourceTree = "<group>"; };
		7B7DC40D2590486C0034AF5C /* InfiniteScrollViewModel.swift */ = {isa = PBXFileReference; lastKnownFileType = sourcecode.swift; path = InfiniteScrollViewModel.swift; sourceTree = "<group>"; };
		7BE055F225904B75003CAED6 /* InfinitScrollView.swift */ = {isa = PBXFileReference; lastKnownFileType = sourcecode.swift; path = InfinitScrollView.swift; sourceTree = "<group>"; };
		7BE055F725904DFA003CAED6 /* ObservableArray.swift */ = {isa = PBXFileReference; lastKnownFileType = sourcecode.swift; path = ObservableArray.swift; sourceTree = "<group>"; };
		7BE0560425905EA0003CAED6 /* ScrollViewCell.swift */ = {isa = PBXFileReference; lastKnownFileType = sourcecode.swift; path = ScrollViewCell.swift; sourceTree = "<group>"; };
		7BE056092590E9EB003CAED6 /* SerieService.swift */ = {isa = PBXFileReference; lastKnownFileType = sourcecode.swift; path = SerieService.swift; sourceTree = "<group>"; };
		7BE0560E2590ECB1003CAED6 /* SerieStore.swift */ = {isa = PBXFileReference; lastKnownFileType = sourcecode.swift; path = SerieStore.swift; sourceTree = "<group>"; };
		7BE056132590ED70003CAED6 /* Utils.swift */ = {isa = PBXFileReference; lastKnownFileType = sourcecode.swift; path = Utils.swift; sourceTree = "<group>"; };
		7BE056192590F583003CAED6 /* ImageLoader.swift */ = {isa = PBXFileReference; lastKnownFileType = sourcecode.swift; path = ImageLoader.swift; sourceTree = "<group>"; };
		7BE0562425911182003CAED6 /* FavoritesSeriesView.swift */ = {isa = PBXFileReference; lastKnownFileType = sourcecode.swift; path = FavoritesSeriesView.swift; sourceTree = "<group>"; };
		BC8F7F065EB3C7788C302CA9 /* Pods-GabrielFerrazFontesTests.release.xcconfig */ = {isa = PBXFileReference; includeInIndex = 1; lastKnownFileType = text.xcconfig; name = "Pods-GabrielFerrazFontesTests.release.xcconfig"; path = "Target Support Files/Pods-GabrielFerrazFontesTests/Pods-GabrielFerrazFontesTests.release.xcconfig"; sourceTree = "<group>"; };
		D58A23DB96BE574FAEFE6467 /* Pods-GabrielFerrazFontes-GabrielFerrazFontesUITests.debug.xcconfig */ = {isa = PBXFileReference; includeInIndex = 1; lastKnownFileType = text.xcconfig; name = "Pods-GabrielFerrazFontes-GabrielFerrazFontesUITests.debug.xcconfig"; path = "Target Support Files/Pods-GabrielFerrazFontes-GabrielFerrazFontesUITests/Pods-GabrielFerrazFontes-GabrielFerrazFontesUITests.debug.xcconfig"; sourceTree = "<group>"; };
		F5BFC3EE4D8A2FDCD370CC76 /* Pods-GabrielFerrazFontesTests.debug.xcconfig */ = {isa = PBXFileReference; includeInIndex = 1; lastKnownFileType = text.xcconfig; name = "Pods-GabrielFerrazFontesTests.debug.xcconfig"; path = "Target Support Files/Pods-GabrielFerrazFontesTests/Pods-GabrielFerrazFontesTests.debug.xcconfig"; sourceTree = "<group>"; };
/* End PBXFileReference section */

/* Begin PBXFrameworksBuildPhase section */
		7B7DC3AE259034DC0034AF5C /* Frameworks */ = {
			isa = PBXFrameworksBuildPhase;
			buildActionMask = 2147483647;
			files = (
				6282A28A8699876653AFAE0C /* Pods_GabrielFerrazFontes.framework in Frameworks */,
			);
			runOnlyForDeploymentPostprocessing = 0;
		};
		7B7DC3C4259034DF0034AF5C /* Frameworks */ = {
			isa = PBXFrameworksBuildPhase;
			buildActionMask = 2147483647;
			files = (
				DD9043EBDDC802D000586EEC /* Pods_GabrielFerrazFontesTests.framework in Frameworks */,
			);
			runOnlyForDeploymentPostprocessing = 0;
		};
		7B7DC3CF259034DF0034AF5C /* Frameworks */ = {
			isa = PBXFrameworksBuildPhase;
			buildActionMask = 2147483647;
			files = (
				8E4D567A9DBB5ABB46575B1A /* Pods_GabrielFerrazFontes_GabrielFerrazFontesUITests.framework in Frameworks */,
			);
			runOnlyForDeploymentPostprocessing = 0;
		};
/* End PBXFrameworksBuildPhase section */

/* Begin PBXGroup section */
		7B3F435C259243E900F406FC /* Helper */ = {
			isa = PBXGroup;
			children = (
				7BE055F225904B75003CAED6 /* InfinitScrollView.swift */,
				7BE0560425905EA0003CAED6 /* ScrollViewCell.swift */,
			);
			path = Helper;
			sourceTree = "<group>";
		};
		7B7DC3A8259034DC0034AF5C = {
			isa = PBXGroup;
			children = (
				7B7DC3B3259034DC0034AF5C /* GabrielFerrazFontes */,
				7B7DC3CA259034DF0034AF5C /* GabrielFerrazFontesTests */,
				7B7DC3D5259034DF0034AF5C /* GabrielFerrazFontesUITests */,
				7B7DC3B2259034DC0034AF5C /* Products */,
				8D2BB60B1D9C9AA3272D8621 /* Pods */,
				AE9D7CA7D5FD5298218360CA /* Frameworks */,
			);
			sourceTree = "<group>";
		};
		7B7DC3B2259034DC0034AF5C /* Products */ = {
			isa = PBXGroup;
			children = (
				7B7DC3B1259034DC0034AF5C /* GabrielFerrazFontes.app */,
				7B7DC3C7259034DF0034AF5C /* GabrielFerrazFontesTests.xctest */,
				7B7DC3D2259034DF0034AF5C /* GabrielFerrazFontesUITests.xctest */,
			);
			name = Products;
			sourceTree = "<group>";
		};
		7B7DC3B3259034DC0034AF5C /* GabrielFerrazFontes */ = {
			isa = PBXGroup;
			children = (
				7BE056182590F56A003CAED6 /* Utils */,
				7B7DC3ED259037670034AF5C /* CloudService */,
				7B7DC3EC259037560034AF5C /* View */,
				7B7DC3EB259037470034AF5C /* ViewModel */,
				7B7DC3EA2590373F0034AF5C /* Model */,
				7B7DC3B4259034DC0034AF5C /* GabrielFerrazFontesApp.swift */,
				7B7DC3B6259034DC0034AF5C /* ContentView.swift */,
				7B7DC3B8259034DF0034AF5C /* Assets.xcassets */,
				7B7DC3BD259034DF0034AF5C /* Persistence.swift */,
				7B7DC3C2259034DF0034AF5C /* Info.plist */,
				7B7DC3BF259034DF0034AF5C /* GabrielFerrazFontes.xcdatamodeld */,
				7B7DC3BA259034DF0034AF5C /* Preview Content */,
			);
			path = GabrielFerrazFontes;
			sourceTree = "<group>";
		};
		7B7DC3BA259034DF0034AF5C /* Preview Content */ = {
			isa = PBXGroup;
			children = (
				7B7DC3BB259034DF0034AF5C /* Preview Assets.xcassets */,
			);
			path = "Preview Content";
			sourceTree = "<group>";
		};
		7B7DC3CA259034DF0034AF5C /* GabrielFerrazFontesTests */ = {
			isa = PBXGroup;
			children = (
				7B7DC3CB259034DF0034AF5C /* GabrielFerrazFontesTests.swift */,
				7B7DC3CD259034DF0034AF5C /* Info.plist */,
			);
			path = GabrielFerrazFontesTests;
			sourceTree = "<group>";
		};
		7B7DC3D5259034DF0034AF5C /* GabrielFerrazFontesUITests */ = {
			isa = PBXGroup;
			children = (
				7B7DC3D6259034DF0034AF5C /* GabrielFerrazFontesUITests.swift */,
				7B7DC3D8259034DF0034AF5C /* Info.plist */,
			);
			path = GabrielFerrazFontesUITests;
			sourceTree = "<group>";
		};
		7B7DC3EA2590373F0034AF5C /* Model */ = {
			isa = PBXGroup;
			children = (
				7B66B672259133A80001E58E /* Serie+CoreDataClass.swift */,
				7B66B671259133A80001E58E /* Serie+CoreDataProperties.swift */,
				7B7DC3EE259037890034AF5C /* Serie.swift */,
				7B3F43602592497200F406FC /* SerieResponse.swift */,
				7B3F4365259249B300F406FC /* SerieGenre.swift */,
				7B3F436A259249E300F406FC /* GenreResponse.swift */,
			);
			path = Model;
			sourceTree = "<group>";
		};
		7B7DC3EB259037470034AF5C /* ViewModel */ = {
			isa = PBXGroup;
			children = (
				7B7DC40D2590486C0034AF5C /* InfiniteScrollViewModel.swift */,
				7BE055F725904DFA003CAED6 /* ObservableArray.swift */,
				7B66B67A25914C970001E58E /* ScrollCellViewModel.swift */,
				7B66B67F2591512E0001E58E /* FavoritesSeriesViewModel.swift */,
			);
			path = ViewModel;
			sourceTree = "<group>";
		};
		7B7DC3EC259037560034AF5C /* View */ = {
			isa = PBXGroup;
			children = (
				7B3F435C259243E900F406FC /* Helper */,
				7BE0562425911182003CAED6 /* FavoritesSeriesView.swift */,
				7B7DC3FF259043BA0034AF5C /* AllSeriesView.swift */,
			);
			path = View;
			sourceTree = "<group>";
		};
		7B7DC3ED259037670034AF5C /* CloudService */ = {
			isa = PBXGroup;
			children = (
				7B7DC3F7259040930034AF5C /* SerieServiceAPI.swift */,
				7BE056092590E9EB003CAED6 /* SerieService.swift */,
				7BE0560E2590ECB1003CAED6 /* SerieStore.swift */,
			);
			path = CloudService;
			sourceTree = "<group>";
		};
		7BE056182590F56A003CAED6 /* Utils */ = {
			isa = PBXGroup;
			children = (
				7BE056132590ED70003CAED6 /* Utils.swift */,
				7BE056192590F583003CAED6 /* ImageLoader.swift */,
			);
			path = Utils;
			sourceTree = "<group>";
		};
		8D2BB60B1D9C9AA3272D8621 /* Pods */ = {
			isa = PBXGroup;
			children = (
				3C22C3C0A7F086D381BB7183 /* Pods-GabrielFerrazFontes.debug.xcconfig */,
				2F5FAEBAEA1EE4EB2FFAE99A /* Pods-GabrielFerrazFontes.release.xcconfig */,
				D58A23DB96BE574FAEFE6467 /* Pods-GabrielFerrazFontes-GabrielFerrazFontesUITests.debug.xcconfig */,
				14B359FF26F8BE252B3A4293 /* Pods-GabrielFerrazFontes-GabrielFerrazFontesUITests.release.xcconfig */,
				F5BFC3EE4D8A2FDCD370CC76 /* Pods-GabrielFerrazFontesTests.debug.xcconfig */,
				BC8F7F065EB3C7788C302CA9 /* Pods-GabrielFerrazFontesTests.release.xcconfig */,
			);
			path = Pods;
			sourceTree = "<group>";
		};
		AE9D7CA7D5FD5298218360CA /* Frameworks */ = {
			isa = PBXGroup;
			children = (
				30D0400AD2F5F6EA000E74BF /* Pods_GabrielFerrazFontes.framework */,
				5AA46241CBA5FCB16D6D9EC2 /* Pods_GabrielFerrazFontes_GabrielFerrazFontesUITests.framework */,
				70C1EAD27CCAACABB9010C4A /* Pods_GabrielFerrazFontesTests.framework */,
			);
			name = Frameworks;
			sourceTree = "<group>";
		};
/* End PBXGroup section */

/* Begin PBXNativeTarget section */
		7B7DC3B0259034DC0034AF5C /* GabrielFerrazFontes */ = {
			isa = PBXNativeTarget;
			buildConfigurationList = 7B7DC3DB259034DF0034AF5C /* Build configuration list for PBXNativeTarget "GabrielFerrazFontes" */;
			buildPhases = (
				760DFC9E5FF11E8A2E58CFE9 /* [CP] Check Pods Manifest.lock */,
				7B7DC3AD259034DC0034AF5C /* Sources */,
				7B7DC3AE259034DC0034AF5C /* Frameworks */,
				7B7DC3AF259034DC0034AF5C /* Resources */,
				A4B560F3319BE34072F248F2 /* [CP] Embed Pods Frameworks */,
			);
			buildRules = (
			);
			dependencies = (
			);
			name = GabrielFerrazFontes;
			productName = GabrielFerrazFontes;
			productReference = 7B7DC3B1259034DC0034AF5C /* GabrielFerrazFontes.app */;
			productType = "com.apple.product-type.application";
		};
		7B7DC3C6259034DF0034AF5C /* GabrielFerrazFontesTests */ = {
			isa = PBXNativeTarget;
			buildConfigurationList = 7B7DC3DE259034DF0034AF5C /* Build configuration list for PBXNativeTarget "GabrielFerrazFontesTests" */;
			buildPhases = (
				5096C2408C40C674B09096FA /* [CP] Check Pods Manifest.lock */,
				7B7DC3C3259034DF0034AF5C /* Sources */,
				7B7DC3C4259034DF0034AF5C /* Frameworks */,
				7B7DC3C5259034DF0034AF5C /* Resources */,
			);
			buildRules = (
			);
			dependencies = (
				7B7DC3C9259034DF0034AF5C /* PBXTargetDependency */,
			);
			name = GabrielFerrazFontesTests;
			productName = GabrielFerrazFontesTests;
			productReference = 7B7DC3C7259034DF0034AF5C /* GabrielFerrazFontesTests.xctest */;
			productType = "com.apple.product-type.bundle.unit-test";
		};
		7B7DC3D1259034DF0034AF5C /* GabrielFerrazFontesUITests */ = {
			isa = PBXNativeTarget;
			buildConfigurationList = 7B7DC3E1259034DF0034AF5C /* Build configuration list for PBXNativeTarget "GabrielFerrazFontesUITests" */;
			buildPhases = (
				37099D71D9A4060922ED954B /* [CP] Check Pods Manifest.lock */,
				7B7DC3CE259034DF0034AF5C /* Sources */,
				7B7DC3CF259034DF0034AF5C /* Frameworks */,
				7B7DC3D0259034DF0034AF5C /* Resources */,
				DE654E3DBE86331C56AC1D83 /* [CP] Embed Pods Frameworks */,
			);
			buildRules = (
			);
			dependencies = (
				7B7DC3D4259034DF0034AF5C /* PBXTargetDependency */,
			);
			name = GabrielFerrazFontesUITests;
			productName = GabrielFerrazFontesUITests;
			productReference = 7B7DC3D2259034DF0034AF5C /* GabrielFerrazFontesUITests.xctest */;
			productType = "com.apple.product-type.bundle.ui-testing";
		};
/* End PBXNativeTarget section */

/* Begin PBXProject section */
		7B7DC3A9259034DC0034AF5C /* Project object */ = {
			isa = PBXProject;
			attributes = {
				LastSwiftUpdateCheck = 1220;
				LastUpgradeCheck = 1220;
				TargetAttributes = {
					7B7DC3B0259034DC0034AF5C = {
						CreatedOnToolsVersion = 12.2;
					};
					7B7DC3C6259034DF0034AF5C = {
						CreatedOnToolsVersion = 12.2;
						TestTargetID = 7B7DC3B0259034DC0034AF5C;
					};
					7B7DC3D1259034DF0034AF5C = {
						CreatedOnToolsVersion = 12.2;
						TestTargetID = 7B7DC3B0259034DC0034AF5C;
					};
				};
			};
			buildConfigurationList = 7B7DC3AC259034DC0034AF5C /* Build configuration list for PBXProject "GabrielFerrazFontes" */;
			compatibilityVersion = "Xcode 9.3";
			developmentRegion = en;
			hasScannedForEncodings = 0;
			knownRegions = (
				en,
				Base,
			);
			mainGroup = 7B7DC3A8259034DC0034AF5C;
			productRefGroup = 7B7DC3B2259034DC0034AF5C /* Products */;
			projectDirPath = "";
			projectRoot = "";
			targets = (
				7B7DC3B0259034DC0034AF5C /* GabrielFerrazFontes */,
				7B7DC3C6259034DF0034AF5C /* GabrielFerrazFontesTests */,
				7B7DC3D1259034DF0034AF5C /* GabrielFerrazFontesUITests */,
			);
		};
/* End PBXProject section */

/* Begin PBXResourcesBuildPhase section */
		7B7DC3AF259034DC0034AF5C /* Resources */ = {
			isa = PBXResourcesBuildPhase;
			buildActionMask = 2147483647;
			files = (
				7B7DC3BC259034DF0034AF5C /* Preview Assets.xcassets in Resources */,
				7B7DC3B9259034DF0034AF5C /* Assets.xcassets in Resources */,
			);
			runOnlyForDeploymentPostprocessing = 0;
		};
		7B7DC3C5259034DF0034AF5C /* Resources */ = {
			isa = PBXResourcesBuildPhase;
			buildActionMask = 2147483647;
			files = (
			);
			runOnlyForDeploymentPostprocessing = 0;
		};
		7B7DC3D0259034DF0034AF5C /* Resources */ = {
			isa = PBXResourcesBuildPhase;
			buildActionMask = 2147483647;
			files = (
			);
			runOnlyForDeploymentPostprocessing = 0;
		};
/* End PBXResourcesBuildPhase section */

/* Begin PBXShellScriptBuildPhase section */
		37099D71D9A4060922ED954B /* [CP] Check Pods Manifest.lock */ = {
			isa = PBXShellScriptBuildPhase;
			buildActionMask = 2147483647;
			files = (
			);
			inputFileListPaths = (
			);
			inputPaths = (
				"${PODS_PODFILE_DIR_PATH}/Podfile.lock",
				"${PODS_ROOT}/Manifest.lock",
			);
			name = "[CP] Check Pods Manifest.lock";
			outputFileListPaths = (
			);
			outputPaths = (
				"$(DERIVED_FILE_DIR)/Pods-GabrielFerrazFontes-GabrielFerrazFontesUITests-checkManifestLockResult.txt",
			);
			runOnlyForDeploymentPostprocessing = 0;
			shellPath = /bin/sh;
			shellScript = "diff \"${PODS_PODFILE_DIR_PATH}/Podfile.lock\" \"${PODS_ROOT}/Manifest.lock\" > /dev/null\nif [ $? != 0 ] ; then\n    # print error to STDERR\n    echo \"error: The sandbox is not in sync with the Podfile.lock. Run 'pod install' or update your CocoaPods installation.\" >&2\n    exit 1\nfi\n# This output is used by Xcode 'outputs' to avoid re-running this script phase.\necho \"SUCCESS\" > \"${SCRIPT_OUTPUT_FILE_0}\"\n";
			showEnvVarsInLog = 0;
		};
		5096C2408C40C674B09096FA /* [CP] Check Pods Manifest.lock */ = {
			isa = PBXShellScriptBuildPhase;
			buildActionMask = 2147483647;
			files = (
			);
			inputFileListPaths = (
			);
			inputPaths = (
				"${PODS_PODFILE_DIR_PATH}/Podfile.lock",
				"${PODS_ROOT}/Manifest.lock",
			);
			name = "[CP] Check Pods Manifest.lock";
			outputFileListPaths = (
			);
			outputPaths = (
				"$(DERIVED_FILE_DIR)/Pods-GabrielFerrazFontesTests-checkManifestLockResult.txt",
			);
			runOnlyForDeploymentPostprocessing = 0;
			shellPath = /bin/sh;
			shellScript = "diff \"${PODS_PODFILE_DIR_PATH}/Podfile.lock\" \"${PODS_ROOT}/Manifest.lock\" > /dev/null\nif [ $? != 0 ] ; then\n    # print error to STDERR\n    echo \"error: The sandbox is not in sync with the Podfile.lock. Run 'pod install' or update your CocoaPods installation.\" >&2\n    exit 1\nfi\n# This output is used by Xcode 'outputs' to avoid re-running this script phase.\necho \"SUCCESS\" > \"${SCRIPT_OUTPUT_FILE_0}\"\n";
			showEnvVarsInLog = 0;
		};
		760DFC9E5FF11E8A2E58CFE9 /* [CP] Check Pods Manifest.lock */ = {
			isa = PBXShellScriptBuildPhase;
			buildActionMask = 2147483647;
			files = (
			);
			inputFileListPaths = (
			);
			inputPaths = (
				"${PODS_PODFILE_DIR_PATH}/Podfile.lock",
				"${PODS_ROOT}/Manifest.lock",
			);
			name = "[CP] Check Pods Manifest.lock";
			outputFileListPaths = (
			);
			outputPaths = (
				"$(DERIVED_FILE_DIR)/Pods-GabrielFerrazFontes-checkManifestLockResult.txt",
			);
			runOnlyForDeploymentPostprocessing = 0;
			shellPath = /bin/sh;
			shellScript = "diff \"${PODS_PODFILE_DIR_PATH}/Podfile.lock\" \"${PODS_ROOT}/Manifest.lock\" > /dev/null\nif [ $? != 0 ] ; then\n    # print error to STDERR\n    echo \"error: The sandbox is not in sync with the Podfile.lock. Run 'pod install' or update your CocoaPods installation.\" >&2\n    exit 1\nfi\n# This output is used by Xcode 'outputs' to avoid re-running this script phase.\necho \"SUCCESS\" > \"${SCRIPT_OUTPUT_FILE_0}\"\n";
			showEnvVarsInLog = 0;
		};
		A4B560F3319BE34072F248F2 /* [CP] Embed Pods Frameworks */ = {
			isa = PBXShellScriptBuildPhase;
			buildActionMask = 2147483647;
			files = (
			);
			inputFileListPaths = (
				"${PODS_ROOT}/Target Support Files/Pods-GabrielFerrazFontes/Pods-GabrielFerrazFontes-frameworks-${CONFIGURATION}-input-files.xcfilelist",
			);
			name = "[CP] Embed Pods Frameworks";
			outputFileListPaths = (
				"${PODS_ROOT}/Target Support Files/Pods-GabrielFerrazFontes/Pods-GabrielFerrazFontes-frameworks-${CONFIGURATION}-output-files.xcfilelist",
			);
			runOnlyForDeploymentPostprocessing = 0;
			shellPath = /bin/sh;
			shellScript = "\"${PODS_ROOT}/Target Support Files/Pods-GabrielFerrazFontes/Pods-GabrielFerrazFontes-frameworks.sh\"\n";
			showEnvVarsInLog = 0;
		};
		DE654E3DBE86331C56AC1D83 /* [CP] Embed Pods Frameworks */ = {
			isa = PBXShellScriptBuildPhase;
			buildActionMask = 2147483647;
			files = (
			);
			inputFileListPaths = (
				"${PODS_ROOT}/Target Support Files/Pods-GabrielFerrazFontes-GabrielFerrazFontesUITests/Pods-GabrielFerrazFontes-GabrielFerrazFontesUITests-frameworks-${CONFIGURATION}-input-files.xcfilelist",
			);
			name = "[CP] Embed Pods Frameworks";
			outputFileListPaths = (
				"${PODS_ROOT}/Target Support Files/Pods-GabrielFerrazFontes-GabrielFerrazFontesUITests/Pods-GabrielFerrazFontes-GabrielFerrazFontesUITests-frameworks-${CONFIGURATION}-output-files.xcfilelist",
			);
			runOnlyForDeploymentPostprocessing = 0;
			shellPath = /bin/sh;
			shellScript = "\"${PODS_ROOT}/Target Support Files/Pods-GabrielFerrazFontes-GabrielFerrazFontesUITests/Pods-GabrielFerrazFontes-GabrielFerrazFontesUITests-frameworks.sh\"\n";
			showEnvVarsInLog = 0;
		};
/* End PBXShellScriptBuildPhase section */

/* Begin PBXSourcesBuildPhase section */
		7B7DC3AD259034DC0034AF5C /* Sources */ = {
			isa = PBXSourcesBuildPhase;
			buildActionMask = 2147483647;
			files = (
				7B66B673259133A80001E58E /* Serie+CoreDataProperties.swift in Sources */,
				7B7DC3BE259034DF0034AF5C /* Persistence.swift in Sources */,
				7B7DC3B7259034DC0034AF5C /* ContentView.swift in Sources */,
				7BE0561A2590F583003CAED6 /* ImageLoader.swift in Sources */,
				7B3F43612592497200F406FC /* SerieResponse.swift in Sources */,
				7B7DC3C1259034DF0034AF5C /* GabrielFerrazFontes.xcdatamodeld in Sources */,
				7BE056142590ED70003CAED6 /* Utils.swift in Sources */,
				7B3F436B259249E300F406FC /* GenreResponse.swift in Sources */,
				7BE0560F2590ECB2003CAED6 /* SerieStore.swift in Sources */,
				7BE0560525905EA0003CAED6 /* ScrollViewCell.swift in Sources */,
				7B7DC40E2590486C0034AF5C /* InfiniteScrollViewModel.swift in Sources */,
				7B7DC400259043BA0034AF5C /* AllSeriesView.swift in Sources */,
				7BE0560A2590E9EC003CAED6 /* SerieService.swift in Sources */,
				7B66B67B25914C970001E58E /* ScrollCellViewModel.swift in Sources */,
				7B7DC3B5259034DC0034AF5C /* GabrielFerrazFontesApp.swift in Sources */,
				7B7DC3EF259037890034AF5C /* Serie.swift in Sources */,
				7B7DC3F8259040930034AF5C /* SerieServiceAPI.swift in Sources */,
				7B66B6802591512E0001E58E /* FavoritesSeriesViewModel.swift in Sources */,
				7BE0562525911184003CAED6 /* FavoritesSeriesView.swift in Sources */,
				7BE055F825904DFA003CAED6 /* ObservableArray.swift in Sources */,
				7B66B674259133A80001E58E /* Serie+CoreDataClass.swift in Sources */,
				7B3F4366259249B300F406FC /* SerieGenre.swift in Sources */,
				7BE055F325904B75003CAED6 /* InfinitScrollView.swift in Sources */,
			);
			runOnlyForDeploymentPostprocessing = 0;
		};
		7B7DC3C3259034DF0034AF5C /* Sources */ = {
			isa = PBXSourcesBuildPhase;
			buildActionMask = 2147483647;
			files = (
				7B7DC3CC259034DF0034AF5C /* GabrielFerrazFontesTests.swift in Sources */,
			);
			runOnlyForDeploymentPostprocessing = 0;
		};
		7B7DC3CE259034DF0034AF5C /* Sources */ = {
			isa = PBXSourcesBuildPhase;
			buildActionMask = 2147483647;
			files = (
				7B7DC3D7259034DF0034AF5C /* GabrielFerrazFontesUITests.swift in Sources */,
			);
			runOnlyForDeploymentPostprocessing = 0;
		};
/* End PBXSourcesBuildPhase section */

/* Begin PBXTargetDependency section */
		7B7DC3C9259034DF0034AF5C /* PBXTargetDependency */ = {
			isa = PBXTargetDependency;
			target = 7B7DC3B0259034DC0034AF5C /* GabrielFerrazFontes */;
			targetProxy = 7B7DC3C8259034DF0034AF5C /* PBXContainerItemProxy */;
		};
		7B7DC3D4259034DF0034AF5C /* PBXTargetDependency */ = {
			isa = PBXTargetDependency;
			target = 7B7DC3B0259034DC0034AF5C /* GabrielFerrazFontes */;
			targetProxy = 7B7DC3D3259034DF0034AF5C /* PBXContainerItemProxy */;
		};
/* End PBXTargetDependency section */

/* Begin XCBuildConfiguration section */
		7B7DC3D9259034DF0034AF5C /* Debug */ = {
			isa = XCBuildConfiguration;
			buildSettings = {
				ALWAYS_SEARCH_USER_PATHS = NO;
				CLANG_ANALYZER_NONNULL = YES;
				CLANG_ANALYZER_NUMBER_OBJECT_CONVERSION = YES_AGGRESSIVE;
				CLANG_CXX_LANGUAGE_STANDARD = "gnu++14";
				CLANG_CXX_LIBRARY = "libc++";
				CLANG_ENABLE_MODULES = YES;
				CLANG_ENABLE_OBJC_ARC = YES;
				CLANG_ENABLE_OBJC_WEAK = YES;
				CLANG_WARN_BLOCK_CAPTURE_AUTORELEASING = YES;
				CLANG_WARN_BOOL_CONVERSION = YES;
				CLANG_WARN_COMMA = YES;
				CLANG_WARN_CONSTANT_CONVERSION = YES;
				CLANG_WARN_DEPRECATED_OBJC_IMPLEMENTATIONS = YES;
				CLANG_WARN_DIRECT_OBJC_ISA_USAGE = YES_ERROR;
				CLANG_WARN_DOCUMENTATION_COMMENTS = YES;
				CLANG_WARN_EMPTY_BODY = YES;
				CLANG_WARN_ENUM_CONVERSION = YES;
				CLANG_WARN_INFINITE_RECURSION = YES;
				CLANG_WARN_INT_CONVERSION = YES;
				CLANG_WARN_NON_LITERAL_NULL_CONVERSION = YES;
				CLANG_WARN_OBJC_IMPLICIT_RETAIN_SELF = YES;
				CLANG_WARN_OBJC_LITERAL_CONVERSION = YES;
				CLANG_WARN_OBJC_ROOT_CLASS = YES_ERROR;
				CLANG_WARN_QUOTED_INCLUDE_IN_FRAMEWORK_HEADER = YES;
				CLANG_WARN_RANGE_LOOP_ANALYSIS = YES;
				CLANG_WARN_STRICT_PROTOTYPES = YES;
				CLANG_WARN_SUSPICIOUS_MOVE = YES;
				CLANG_WARN_UNGUARDED_AVAILABILITY = YES_AGGRESSIVE;
				CLANG_WARN_UNREACHABLE_CODE = YES;
				CLANG_WARN__DUPLICATE_METHOD_MATCH = YES;
				COPY_PHASE_STRIP = NO;
				DEBUG_INFORMATION_FORMAT = dwarf;
				ENABLE_STRICT_OBJC_MSGSEND = YES;
				ENABLE_TESTABILITY = YES;
				GCC_C_LANGUAGE_STANDARD = gnu11;
				GCC_DYNAMIC_NO_PIC = NO;
				GCC_NO_COMMON_BLOCKS = YES;
				GCC_OPTIMIZATION_LEVEL = 0;
				GCC_PREPROCESSOR_DEFINITIONS = (
					"DEBUG=1",
					"$(inherited)",
				);
				GCC_WARN_64_TO_32_BIT_CONVERSION = YES;
				GCC_WARN_ABOUT_RETURN_TYPE = YES_ERROR;
				GCC_WARN_UNDECLARED_SELECTOR = YES;
				GCC_WARN_UNINITIALIZED_AUTOS = YES_AGGRESSIVE;
				GCC_WARN_UNUSED_FUNCTION = YES;
				GCC_WARN_UNUSED_VARIABLE = YES;
				IPHONEOS_DEPLOYMENT_TARGET = 14.2;
				MTL_ENABLE_DEBUG_INFO = INCLUDE_SOURCE;
				MTL_FAST_MATH = YES;
				ONLY_ACTIVE_ARCH = YES;
				SDKROOT = iphoneos;
				SWIFT_ACTIVE_COMPILATION_CONDITIONS = DEBUG;
				SWIFT_OPTIMIZATION_LEVEL = "-Onone";
			};
			name = Debug;
		};
		7B7DC3DA259034DF0034AF5C /* Release */ = {
			isa = XCBuildConfiguration;
			buildSettings = {
				ALWAYS_SEARCH_USER_PATHS = NO;
				CLANG_ANALYZER_NONNULL = YES;
				CLANG_ANALYZER_NUMBER_OBJECT_CONVERSION = YES_AGGRESSIVE;
				CLANG_CXX_LANGUAGE_STANDARD = "gnu++14";
				CLANG_CXX_LIBRARY = "libc++";
				CLANG_ENABLE_MODULES = YES;
				CLANG_ENABLE_OBJC_ARC = YES;
				CLANG_ENABLE_OBJC_WEAK = YES;
				CLANG_WARN_BLOCK_CAPTURE_AUTORELEASING = YES;
				CLANG_WARN_BOOL_CONVERSION = YES;
				CLANG_WARN_COMMA = YES;
				CLANG_WARN_CONSTANT_CONVERSION = YES;
				CLANG_WARN_DEPRECATED_OBJC_IMPLEMENTATIONS = YES;
				CLANG_WARN_DIRECT_OBJC_ISA_USAGE = YES_ERROR;
				CLANG_WARN_DOCUMENTATION_COMMENTS = YES;
				CLANG_WARN_EMPTY_BODY = YES;
				CLANG_WARN_ENUM_CONVERSION = YES;
				CLANG_WARN_INFINITE_RECURSION = YES;
				CLANG_WARN_INT_CONVERSION = YES;
				CLANG_WARN_NON_LITERAL_NULL_CONVERSION = YES;
				CLANG_WARN_OBJC_IMPLICIT_RETAIN_SELF = YES;
				CLANG_WARN_OBJC_LITERAL_CONVERSION = YES;
				CLANG_WARN_OBJC_ROOT_CLASS = YES_ERROR;
				CLANG_WARN_QUOTED_INCLUDE_IN_FRAMEWORK_HEADER = YES;
				CLANG_WARN_RANGE_LOOP_ANALYSIS = YES;
				CLANG_WARN_STRICT_PROTOTYPES = YES;
				CLANG_WARN_SUSPICIOUS_MOVE = YES;
				CLANG_WARN_UNGUARDED_AVAILABILITY = YES_AGGRESSIVE;
				CLANG_WARN_UNREACHABLE_CODE = YES;
				CLANG_WARN__DUPLICATE_METHOD_MATCH = YES;
				COPY_PHASE_STRIP = NO;
				DEBUG_INFORMATION_FORMAT = "dwarf-with-dsym";
				ENABLE_NS_ASSERTIONS = NO;
				ENABLE_STRICT_OBJC_MSGSEND = YES;
				GCC_C_LANGUAGE_STANDARD = gnu11;
				GCC_NO_COMMON_BLOCKS = YES;
				GCC_WARN_64_TO_32_BIT_CONVERSION = YES;
				GCC_WARN_ABOUT_RETURN_TYPE = YES_ERROR;
				GCC_WARN_UNDECLARED_SELECTOR = YES;
				GCC_WARN_UNINITIALIZED_AUTOS = YES_AGGRESSIVE;
				GCC_WARN_UNUSED_FUNCTION = YES;
				GCC_WARN_UNUSED_VARIABLE = YES;
				IPHONEOS_DEPLOYMENT_TARGET = 14.2;
				MTL_ENABLE_DEBUG_INFO = NO;
				MTL_FAST_MATH = YES;
				SDKROOT = iphoneos;
				SWIFT_COMPILATION_MODE = wholemodule;
				SWIFT_OPTIMIZATION_LEVEL = "-O";
				VALIDATE_PRODUCT = YES;
			};
			name = Release;
		};
		7B7DC3DC259034DF0034AF5C /* Debug */ = {
			isa = XCBuildConfiguration;
			baseConfigurationReference = 3C22C3C0A7F086D381BB7183 /* Pods-GabrielFerrazFontes.debug.xcconfig */;
			buildSettings = {
				ASSETCATALOG_COMPILER_APPICON_NAME = AppIcon;
				ASSETCATALOG_COMPILER_GLOBAL_ACCENT_COLOR_NAME = AccentColor;
				CODE_SIGN_STYLE = Automatic;
				DEVELOPMENT_ASSET_PATHS = "\"GabrielFerrazFontes/Preview Content\"";
				DEVELOPMENT_TEAM = Q6B7N567Z6;
				ENABLE_PREVIEWS = YES;
				INFOPLIST_FILE = GabrielFerrazFontes/Info.plist;
				IPHONEOS_DEPLOYMENT_TARGET = 14.0;
				LD_RUNPATH_SEARCH_PATHS = (
					"$(inherited)",
					"@executable_path/Frameworks",
				);
				PRODUCT_BUNDLE_IDENTIFIER = team.GabrielFerrazFontes;
				PRODUCT_NAME = "$(TARGET_NAME)";
				SWIFT_VERSION = 5.0;
				TARGETED_DEVICE_FAMILY = "1,2";
			};
			name = Debug;
		};
		7B7DC3DD259034DF0034AF5C /* Release */ = {
			isa = XCBuildConfiguration;
			baseConfigurationReference = 2F5FAEBAEA1EE4EB2FFAE99A /* Pods-GabrielFerrazFontes.release.xcconfig */;
			buildSettings = {
				ASSETCATALOG_COMPILER_APPICON_NAME = AppIcon;
				ASSETCATALOG_COMPILER_GLOBAL_ACCENT_COLOR_NAME = AccentColor;
				CODE_SIGN_STYLE = Automatic;
				DEVELOPMENT_ASSET_PATHS = "\"GabrielFerrazFontes/Preview Content\"";
				DEVELOPMENT_TEAM = Q6B7N567Z6;
				ENABLE_PREVIEWS = YES;
				INFOPLIST_FILE = GabrielFerrazFontes/Info.plist;
				IPHONEOS_DEPLOYMENT_TARGET = 14.0;
				LD_RUNPATH_SEARCH_PATHS = (
					"$(inherited)",
					"@executable_path/Frameworks",
				);
				PRODUCT_BUNDLE_IDENTIFIER = team.GabrielFerrazFontes;
				PRODUCT_NAME = "$(TARGET_NAME)";
				SWIFT_VERSION = 5.0;
				TARGETED_DEVICE_FAMILY = "1,2";
			};
			name = Release;
		};
		7B7DC3DF259034DF0034AF5C /* Debug */ = {
			isa = XCBuildConfiguration;
			baseConfigurationReference = F5BFC3EE4D8A2FDCD370CC76 /* Pods-GabrielFerrazFontesTests.debug.xcconfig */;
			buildSettings = {
				ALWAYS_EMBED_SWIFT_STANDARD_LIBRARIES = YES;
				BUNDLE_LOADER = "$(TEST_HOST)";
				CODE_SIGN_STYLE = Automatic;
				DEVELOPMENT_TEAM = Q6B7N567Z6;
				INFOPLIST_FILE = GabrielFerrazFontesTests/Info.plist;
				IPHONEOS_DEPLOYMENT_TARGET = 14.0;
				LD_RUNPATH_SEARCH_PATHS = (
					"$(inherited)",
					"@executable_path/Frameworks",
					"@loader_path/Frameworks",
				);
				PRODUCT_BUNDLE_IDENTIFIER = team.GabrielFerrazFontesTests;
				PRODUCT_NAME = "$(TARGET_NAME)";
				SWIFT_VERSION = 5.0;
				TARGETED_DEVICE_FAMILY = "1,2";
				TEST_HOST = "$(BUILT_PRODUCTS_DIR)/GabrielFerrazFontes.app/GabrielFerrazFontes";
			};
			name = Debug;
		};
		7B7DC3E0259034DF0034AF5C /* Release */ = {
			isa = XCBuildConfiguration;
			baseConfigurationReference = BC8F7F065EB3C7788C302CA9 /* Pods-GabrielFerrazFontesTests.release.xcconfig */;
			buildSettings = {
				ALWAYS_EMBED_SWIFT_STANDARD_LIBRARIES = YES;
				BUNDLE_LOADER = "$(TEST_HOST)";
				CODE_SIGN_STYLE = Automatic;
				DEVELOPMENT_TEAM = Q6B7N567Z6;
				INFOPLIST_FILE = GabrielFerrazFontesTests/Info.plist;
				IPHONEOS_DEPLOYMENT_TARGET = 14.0;
				LD_RUNPATH_SEARCH_PATHS = (
					"$(inherited)",
					"@executable_path/Frameworks",
					"@loader_path/Frameworks",
				);
				PRODUCT_BUNDLE_IDENTIFIER = team.GabrielFerrazFontesTests;
				PRODUCT_NAME = "$(TARGET_NAME)";
				SWIFT_VERSION = 5.0;
				TARGETED_DEVICE_FAMILY = "1,2";
				TEST_HOST = "$(BUILT_PRODUCTS_DIR)/GabrielFerrazFontes.app/GabrielFerrazFontes";
			};
			name = Release;
		};
		7B7DC3E2259034DF0034AF5C /* Debug */ = {
			isa = XCBuildConfiguration;
			baseConfigurationReference = D58A23DB96BE574FAEFE6467 /* Pods-GabrielFerrazFontes-GabrielFerrazFontesUITests.debug.xcconfig */;
			buildSettings = {
				ALWAYS_EMBED_SWIFT_STANDARD_LIBRARIES = YES;
				CODE_SIGN_STYLE = Automatic;
				DEVELOPMENT_TEAM = Q6B7N567Z6;
				INFOPLIST_FILE = GabrielFerrazFontesUITests/Info.plist;
				LD_RUNPATH_SEARCH_PATHS = (
					"$(inherited)",
					"@executable_path/Frameworks",
					"@loader_path/Frameworks",
				);
				PRODUCT_BUNDLE_IDENTIFIER = team.GabrielFerrazFontesUITests;
				PRODUCT_NAME = "$(TARGET_NAME)";
				SWIFT_VERSION = 5.0;
				TARGETED_DEVICE_FAMILY = "1,2";
				TEST_TARGET_NAME = GabrielFerrazFontes;
			};
			name = Debug;
		};
		7B7DC3E3259034DF0034AF5C /* Release */ = {
			isa = XCBuildConfiguration;
			baseConfigurationReference = 14B359FF26F8BE252B3A4293 /* Pods-GabrielFerrazFontes-GabrielFerrazFontesUITests.release.xcconfig */;
			buildSettings = {
				ALWAYS_EMBED_SWIFT_STANDARD_LIBRARIES = YES;
				CODE_SIGN_STYLE = Automatic;
				DEVELOPMENT_TEAM = Q6B7N567Z6;
				INFOPLIST_FILE = GabrielFerrazFontesUITests/Info.plist;
				LD_RUNPATH_SEARCH_PATHS = (
					"$(inherited)",
					"@executable_path/Frameworks",
					"@loader_path/Frameworks",
				);
				PRODUCT_BUNDLE_IDENTIFIER = team.GabrielFerrazFontesUITests;
				PRODUCT_NAME = "$(TARGET_NAME)";
				SWIFT_VERSION = 5.0;
				TARGETED_DEVICE_FAMILY = "1,2";
				TEST_TARGET_NAME = GabrielFerrazFontes;
			};
			name = Release;
		};
/* End XCBuildConfiguration section */

/* Begin XCConfigurationList section */
		7B7DC3AC259034DC0034AF5C /* Build configuration list for PBXProject "GabrielFerrazFontes" */ = {
			isa = XCConfigurationList;
			buildConfigurations = (
				7B7DC3D9259034DF0034AF5C /* Debug */,
				7B7DC3DA259034DF0034AF5C /* Release */,
			);
			defaultConfigurationIsVisible = 0;
			defaultConfigurationName = Release;
		};
		7B7DC3DB259034DF0034AF5C /* Build configuration list for PBXNativeTarget "GabrielFerrazFontes" */ = {
			isa = XCConfigurationList;
			buildConfigurations = (
				7B7DC3DC259034DF0034AF5C /* Debug */,
				7B7DC3DD259034DF0034AF5C /* Release */,
			);
			defaultConfigurationIsVisible = 0;
			defaultConfigurationName = Release;
		};
		7B7DC3DE259034DF0034AF5C /* Build configuration list for PBXNativeTarget "GabrielFerrazFontesTests" */ = {
			isa = XCConfigurationList;
			buildConfigurations = (
				7B7DC3DF259034DF0034AF5C /* Debug */,
				7B7DC3E0259034DF0034AF5C /* Release */,
			);
			defaultConfigurationIsVisible = 0;
			defaultConfigurationName = Release;
		};
		7B7DC3E1259034DF0034AF5C /* Build configuration list for PBXNativeTarget "GabrielFerrazFontesUITests" */ = {
			isa = XCConfigurationList;
			buildConfigurations = (
				7B7DC3E2259034DF0034AF5C /* Debug */,
				7B7DC3E3259034DF0034AF5C /* Release */,
			);
			defaultConfigurationIsVisible = 0;
			defaultConfigurationName = Release;
		};
/* End XCConfigurationList section */

/* Begin XCVersionGroup section */
		7B7DC3BF259034DF0034AF5C /* GabrielFerrazFontes.xcdatamodeld */ = {
			isa = XCVersionGroup;
			children = (
				7B7DC3C0259034DF0034AF5C /* GabrielFerrazFontes.xcdatamodel */,
			);
			currentVersion = 7B7DC3C0259034DF0034AF5C /* GabrielFerrazFontes.xcdatamodel */;
			path = GabrielFerrazFontes.xcdatamodeld;
			sourceTree = "<group>";
			versionGroupType = wrapper.xcdatamodel;
		};
/* End XCVersionGroup section */
	};
	rootObject = 7B7DC3A9259034DC0034AF5C /* Project object */;
}
